
Microsoft Visual Studio Solution File, Format Version 11.00
# Visual Studio 2010
# SharpDevelop 4.3
Project("{FAE04EC0-301F-11D3-BF4B-00C04F79EFBC}") = "Client", "Client\Client.csproj", "{61BC3396-1161-4544-9D69-2EBB5F659E75}"
EndProject
Project("{FAE04EC0-301F-11D3-BF4B-00C04F79EFBC}") = "Server", "Server\Server.csproj", "{2CFC11FC-A185-42DE-8199-0302644B1D47}"
EndProject
Project("{FAE04EC0-301F-11D3-BF4B-00C04F79EFBC}") = "Library", "Library\Library.csproj", "{28E3809A-2895-4454-B73E-388AF918B4C9}"
EndProject
Global
	GlobalSection(SolutionConfigurationPlatforms) = preSolution
		Debug|x86 = Debug|x86
		Release|x86 = Release|x86
	EndGlobalSection
	GlobalSection(ProjectConfigurationPlatforms) = postSolution
		{61BC3396-1161-4544-9D69-2EBB5F659E75}.Debug|x86.ActiveCfg = Debug|x86
		{61BC3396-1161-4544-9D69-2EBB5F659E75}.Debug|x86.Build.0 = Debug|x86
		{61BC3396-1161-4544-9D69-2EBB5F659E75}.Release|x86.ActiveCfg = Release|x86
		{61BC3396-1161-4544-9D69-2EBB5F659E75}.Release|x86.Build.0 = Release|x86
		{2CFC11FC-A185-42DE-8199-0302644B1D47}.Debug|x86.ActiveCfg = Debug|x86
		{2CFC11FC-A185-42DE-8199-0302644B1D47}.Debug|x86.Build.0 = Debug|x86
		{2CFC11FC-A185-42DE-8199-0302644B1D47}.Release|x86.ActiveCfg = Release|x86
		{2CFC11FC-A185-42DE-8199-0302644B1D47}.Release|x86.Build.0 = Release|x86
		{28E3809A-2895-4454-B73E-388AF918B4C9}.Debug|x86.Build.0 = Debug|x86
		{28E3809A-2895-4454-B73E-388AF918B4C9}.Debug|x86.ActiveCfg = Debug|x86
		{28E3809A-2895-4454-B73E-388AF918B4C9}.Release|x86.Build.0 = Release|x86
		{28E3809A-2895-4454-B73E-388AF918B4C9}.Release|x86.ActiveCfg = Release|x86
	EndGlobalSection
	GlobalSection(SolutionProperties) = preSolution
		HideSolutionNode = FALSE
	EndGlobalSection
EndGlobal
